
Microsoft Visual Studio Solution File, Format Version 12.00
# Visual Studio 14
VisualStudioVersion = 14.0.25420.1
MinimumVisualStudioVersion = 10.0.40219.1
Project("{FAE04EC0-301F-11D3-BF4B-00C04F79EFBC}") = "Bloginek.Bus", "Bloginek.Bus\Bloginek.Bus.csproj", "{744D27CA-E68B-449B-9FD5-D7B4485F3420}"
EndProject
Project("{2150E333-8FDC-42A3-9474-1A3956D46DE8}") = "Tests", "Tests", "{CBE06C2D-F881-4A26-9DC5-3F1D4206D29D}"
EndProject
Project("{FAE04EC0-301F-11D3-BF4B-00C04F79EFBC}") = "Bloginek.Data", "Bloginek.Data\Bloginek.Data.csproj", "{07455B18-F7F4-4FC3-946A-17041D784316}"
EndProject
Project("{FAE04EC0-301F-11D3-BF4B-00C04F79EFBC}") = "Bloginek.Bus.Tests", "Bloginek.Bus.Tests\Bloginek.Bus.Tests.csproj", "{77070177-5E8D-482B-8D99-3A4F2A8F03C3}"
EndProject
Project("{FAE04EC0-301F-11D3-BF4B-00C04F79EFBC}") = "Bloginek.Data.SQLite", "Bloginek.Data.SQLite\Bloginek.Data.SQLite.csproj", "{42898306-84B2-40A9-AD47-5FA03D43C60A}"
EndProject
Project("{FAE04EC0-301F-11D3-BF4B-00C04F79EFBC}") = "Bloginek.Data.Db", "Bloginek.Data.Db\Bloginek.Data.Db.csproj", "{073BCD79-9B0D-4D13-A059-96649953054D}"
EndProject
Global
	GlobalSection(SolutionConfigurationPlatforms) = preSolution
		Debug|Any CPU = Debug|Any CPU
		Release|Any CPU = Release|Any CPU
	EndGlobalSection
	GlobalSection(ProjectConfigurationPlatforms) = postSolution
		{744D27CA-E68B-449B-9FD5-D7B4485F3420}.Debug|Any CPU.ActiveCfg = Debug|Any CPU
		{744D27CA-E68B-449B-9FD5-D7B4485F3420}.Debug|Any CPU.Build.0 = Debug|Any CPU
		{744D27CA-E68B-449B-9FD5-D7B4485F3420}.Release|Any CPU.ActiveCfg = Release|Any CPU
		{744D27CA-E68B-449B-9FD5-D7B4485F3420}.Release|Any CPU.Build.0 = Release|Any CPU
		{07455B18-F7F4-4FC3-946A-17041D784316}.Debug|Any CPU.ActiveCfg = Debug|Any CPU
		{07455B18-F7F4-4FC3-946A-17041D784316}.Debug|Any CPU.Build.0 = Debug|Any CPU
		{07455B18-F7F4-4FC3-946A-17041D784316}.Release|Any CPU.ActiveCfg = Release|Any CPU
		{07455B18-F7F4-4FC3-946A-17041D784316}.Release|Any CPU.Build.0 = Release|Any CPU
		{77070177-5E8D-482B-8D99-3A4F2A8F03C3}.Debug|Any CPU.ActiveCfg = Debug|Any CPU
		{77070177-5E8D-482B-8D99-3A4F2A8F03C3}.Debug|Any CPU.Build.0 = Debug|Any CPU
		{77070177-5E8D-482B-8D99-3A4F2A8F03C3}.Release|Any CPU.ActiveCfg = Release|Any CPU
		{77070177-5E8D-482B-8D99-3A4F2A8F03C3}.Release|Any CPU.Build.0 = Release|Any CPU
		{42898306-84B2-40A9-AD47-5FA03D43C60A}.Debug|Any CPU.ActiveCfg = Debug|Any CPU
		{42898306-84B2-40A9-AD47-5FA03D43C60A}.Debug|Any CPU.Build.0 = Debug|Any CPU
		{42898306-84B2-40A9-AD47-5FA03D43C60A}.Release|Any CPU.ActiveCfg = Release|Any CPU
		{42898306-84B2-40A9-AD47-5FA03D43C60A}.Release|Any CPU.Build.0 = Release|Any CPU
		{073BCD79-9B0D-4D13-A059-96649953054D}.Debug|Any CPU.ActiveCfg = Debug|Any CPU
		{073BCD79-9B0D-4D13-A059-96649953054D}.Debug|Any CPU.Build.0 = Debug|Any CPU
		{073BCD79-9B0D-4D13-A059-96649953054D}.Release|Any CPU.ActiveCfg = Release|Any CPU
		{073BCD79-9B0D-4D13-A059-96649953054D}.Release|Any CPU.Build.0 = Release|Any CPU
	EndGlobalSection
	GlobalSection(SolutionProperties) = preSolution
		HideSolutionNode = FALSE
	EndGlobalSection
	GlobalSection(NestedProjects) = preSolution
		{77070177-5E8D-482B-8D99-3A4F2A8F03C3} = {CBE06C2D-F881-4A26-9DC5-3F1D4206D29D}
	EndGlobalSection
EndGlobal
